// !$*UTF8*$!
{
	archiveVersion = 1;
	classes = {
	};
	objectVersion = 46;
	objects = {

/* Begin PBXBuildFile section */
		1EFD7DF21D2CBFBC00818FF2 /* main.m in Sources */ = {isa = PBXBuildFile; fileRef = 1EFD7DF11D2CBFBC00818FF2 /* main.m */; };
		1EFD7DF51D2CBFBC00818FF2 /* AppDelegate.m in Sources */ = {isa = PBXBuildFile; fileRef = 1EFD7DF41D2CBFBC00818FF2 /* AppDelegate.m */; };
		1EFD7DF81D2CBFBC00818FF2 /* ViewController.m in Sources */ = {isa = PBXBuildFile; fileRef = 1EFD7DF71D2CBFBC00818FF2 /* ViewController.m */; };
		1EFD7DFB1D2CBFBC00818FF2 /* Main.storyboard in Resources */ = {isa = PBXBuildFile; fileRef = 1EFD7DF91D2CBFBC00818FF2 /* Main.storyboard */; };
		1EFD7DFD1D2CBFBC00818FF2 /* Assets.xcassets in Resources */ = {isa = PBXBuildFile; fileRef = 1EFD7DFC1D2CBFBC00818FF2 /* Assets.xcassets */; };
		1EFD7E001D2CBFBC00818FF2 /* LaunchScreen.storyboard in Resources */ = {isa = PBXBuildFile; fileRef = 1EFD7DFE1D2CBFBC00818FF2 /* LaunchScreen.storyboard */; };
/* End PBXBuildFile section */

/* Begin PBXFileReference section */
		1EFD7DED1D2CBFBC00818FF2 /* SplashScreen.app */ = {isa = PBXFileReference; explicitFileType = wrapper.application; includeInIndex = 0; path = SplashScreen.app; sourceTree = BUILT_PRODUCTS_DIR; };
		1EFD7DF11D2CBFBC00818FF2 /* main.m */ = {isa = PBXFileReference; lastKnownFileType = sourcecode.c.objc; path = main.m; sourceTree = "<group>"; };
		1EFD7DF31D2CBFBC00818FF2 /* AppDelegate.h */ = {isa = PBXFileReference; lastKnownFileType = sourcecode.c.h; path = AppDelegate.h; sourceTree = "<group>"; };
		1EFD7DF41D2CBFBC00818FF2 /* AppDelegate.m */ = {isa = PBXFileReference; lastKnownFileType = sourcecode.c.objc; path = AppDelegate.m; sourceTree = "<group>"; };
		1EFD7DF61D2CBFBC00818FF2 /* ViewController.h */ = {isa = PBXFileReference; lastKnownFileType = sourcecode.c.h; path = ViewController.h; sourceTree = "<group>"; };
		1EFD7DF71D2CBFBC00818FF2 /* ViewController.m */ = {isa = PBXFileReference; lastKnownFileType = sourcecode.c.objc; path = ViewController.m; sourceTree = "<group>"; };
		1EFD7DFA1D2CBFBC00818FF2 /* Base */ = {isa = PBXFileReference; lastKnownFileType = file.storyboard; name = Base; path = Base.lproj/Main.storyboard; sourceTree = "<group>"; };
		1EFD7DFC1D2CBFBC00818FF2 /* Assets.xcassets */ = {isa = PBXFileReference; lastKnownFileType = folder.assetcatalog; path = Assets.xcassets; sourceTree = "<group>"; };
		1EFD7DFF1D2CBFBC00818FF2 /* Base */ = {isa = PBXFileReference; lastKnownFileType = file.storyboard; name = Base; path = Base.lproj/LaunchScreen.storyboard; sourceTree = "<group>"; };
		1EFD7E011D2CBFBC00818FF2 /* Info.plist */ = {isa = PBXFileReference; lastKnownFileType = text.plist.xml; path = Info.plist; sourceTree = "<group>"; };
/* End PBXFileReference section */

/* Begin PBXFrameworksBuildPhase section */
		1EFD7DEA1D2CBFBC00818FF2 /* Frameworks */ = {
			isa = PBXFrameworksBuildPhase;
			buildActionMask = 2147483647;
			files = (
			);
			runOnlyForDeploymentPostprocessing = 0;
		};
/* End PBXFrameworksBuildPhase section */

/* Begin PBXGroup section */
		1EFD7DE41D2CBFBC00818FF2 = {
			isa = PBXGroup;
			children = (
				1EFD7DEF1D2CBFBC00818FF2 /* SplashScreen */,
				1EFD7DEE1D2CBFBC00818FF2 /* Products */,
			);
			sourceTree = "<group>";
		};
		1EFD7DEE1D2CBFBC00818FF2 /* Products */ = {
			isa = PBXGroup;
			children = (
				1EFD7DED1D2CBFBC00818FF2 /* SplashScreen.app */,
			);
			name = Products;
			sourceTree = "<group>";
		};
		1EFD7DEF1D2CBFBC00818FF2 /* SplashScreen */ = {
			isa = PBXGroup;
			children = (
				1EFD7DF31D2CBFBC00818FF2 /* AppDelegate.h */,
				1EFD7DF41D2CBFBC00818FF2 /* AppDelegate.m */,
				1EFD7DF61D2CBFBC00818FF2 /* ViewController.h */,
				1EFD7DF71D2CBFBC00818FF2 /* ViewController.m */,
				1EFD7DF91D2CBFBC00818FF2 /* Main.storyboard */,
				1EFD7DFC1D2CBFBC00818FF2 /* Assets.xcassets */,
				1EFD7DFE1D2CBFBC00818FF2 /* LaunchScreen.storyboard */,
				1EFD7E011D2CBFBC00818FF2 /* Info.plist */,
				1EFD7DF01D2CBFBC00818FF2 /* Supporting Files */,
			);
			path = SplashScreen;
			sourceTree = "<group>";
		};
		1EFD7DF01D2CBFBC00818FF2 /* Supporting Files */ = {
			isa = PBXGroup;
			children = (
				1EFD7DF11D2CBFBC00818FF2 /* main.m */,
			);
			name = "Supporting Files";
			sourceTree = "<group>";
		};
/* End PBXGroup section */

/* Begin PBXNativeTarget section */
		1EFD7DEC1D2CBFBC00818FF2 /* SplashScreen */ = {
			isa = PBXNativeTarget;
			buildConfigurationList = 1EFD7E041D2CBFBC00818FF2 /* Build configuration list for PBXNativeTarget "SplashScreen" */;
			buildPhases = (
				1EFD7DE91D2CBFBC00818FF2 /* Sources */,
				1EFD7DEA1D2CBFBC00818FF2 /* Frameworks */,
				1EFD7DEB1D2CBFBC00818FF2 /* Resources */,
			);
			buildRules = (
			);
			dependencies = (
			);
			name = SplashScreen;
			productName = SplashScreen;
			productReference = 1EFD7DED1D2CBFBC00818FF2 /* SplashScreen.app */;
			productType = "com.apple.product-type.application";
		};
/* End PBXNativeTarget section */

/* Begin PBXProject section */
		1EFD7DE51D2CBFBC00818FF2 /* Project object */ = {
			isa = PBXProject;
			attributes = {
				LastUpgradeCheck = 0730;
				ORGANIZATIONNAME = TheIronYard;
				TargetAttributes = {
					1EFD7DEC1D2CBFBC00818FF2 = {
						CreatedOnToolsVersion = 7.3.1;
					};
				};
			};
			buildConfigurationList = 1EFD7DE81D2CBFBC00818FF2 /* Build configuration list for PBXProject "SplashScreen" */;
			compatibilityVersion = "Xcode 3.2";
			developmentRegion = English;
			hasScannedForEncodings = 0;
			knownRegions = (
				en,
				Base,
			);
			mainGroup = 1EFD7DE41D2CBFBC00818FF2;
			productRefGroup = 1EFD7DEE1D2CBFBC00818FF2 /* Products */;
			projectDirPath = "";
			projectRoot = "";
			targets = (
				1EFD7DEC1D2CBFBC00818FF2 /* SplashScreen */,
			);
		};
/* End PBXProject section */

/* Begin PBXResourcesBuildPhase section */
		1EFD7DEB1D2CBFBC00818FF2 /* Resources */ = {
			isa = PBXResourcesBuildPhase;
			buildActionMask = 2147483647;
			files = (
				1EFD7E001D2CBFBC00818FF2 /* LaunchScreen.storyboard in Resources */,
				1EFD7DFD1D2CBFBC00818FF2 /* Assets.xcassets in Resources */,
				1EFD7DFB1D2CBFBC00818FF2 /* Main.storyboard in Resources */,
			);
			runOnlyForDeploymentPostprocessing = 0;
		};
/* End PBXResourcesBuildPhase section */

/* Begin PBXSourcesBuildPhase section */
		1EFD7DE91D2CBFBC00818FF2 /* Sources */ = {
			isa = PBXSourcesBuildPhase;
			buildActionMask = 2147483647;
			files = (
				1EFD7DF81D2CBFBC00818FF2 /* ViewController.m in Sources */,
				1EFD7DF51D2CBFBC00818FF2 /* AppDelegate.m in Sources */,
				1EFD7DF21D2CBFBC00818FF2 /* main.m in Sources */,
			);
			runOnlyForDeploymentPostprocessing = 0;
		};
/* End PBXSourcesBuildPhase section */

/* Begin PBXVariantGroup section */
		1EFD7DF91D2CBFBC00818FF2 /* Main.storyboard */ = {
			isa = PBXVariantGroup;
			children = (
				1EFD7DFA1D2CBFBC00818FF2 /* Base */,
			);
			name = Main.storyboard;
			sourceTree = "<group>";
		};
		1EFD7DFE1D2CBFBC00818FF2 /* LaunchScreen.storyboard */ = {
			isa = PBXVariantGroup;
			children = (
				1EFD7DFF1D2CBFBC00818FF2 /* Base */,
			);
			name = LaunchScreen.storyboard;
			sourceTree = "<group>";
		};
/* End PBXVariantGroup section */

/* Begin XCBuildConfiguration section */
		1EFD7E021D2CBFBC00818FF2 /* Debug */ = {
			isa = XCBuildConfiguration;
			buildSettings = {
				ALWAYS_SEARCH_USER_PATHS = NO;
				CLANG_ANALYZER_NONNULL = YES;
				CLANG_CXX_LANGUAGE_STANDARD = "gnu++0x";
				CLANG_CXX_LIBRARY = "libc++";
				CLANG_ENABLE_MODULES = YES;
				CLANG_ENABLE_OBJC_ARC = YES;
				CLANG_WARN_BOOL_CONVERSION = YES;
				CLANG_WARN_CONSTANT_CONVERSION = YES;
				CLANG_WARN_DIRECT_OBJC_ISA_USAGE = YES_ERROR;
				CLANG_WARN_EMPTY_BODY = YES;
				CLANG_WARN_ENUM_CONVERSION = YES;
				CLANG_WARN_INT_CONVERSION = YES;
				CLANG_WARN_OBJC_ROOT_CLASS = YES_ERROR;
				CLANG_WARN_UNREACHABLE_CODE = YES;
				CLANG_WARN__DUPLICATE_METHOD_MATCH = YES;
				"CODE_SIGN_IDENTITY[sdk=iphoneos*]" = "iPhone Developer";
				COPY_PHASE_STRIP = NO;
				DEBUG_INFORMATION_FORMAT = dwarf;
				ENABLE_STRICT_OBJC_MSGSEND = YES;
				ENABLE_TESTABILITY = YES;
				GCC_C_LANGUAGE_STANDARD = gnu99;
				GCC_DYNAMIC_NO_PIC = NO;
				GCC_NO_COMMON_BLOCKS = YES;
				GCC_OPTIMIZATION_LEVEL = 0;
				GCC_PREPROCESSOR_DEFINITIONS = (
					"DEBUG=1",
					"$(inherited)",
				);
				GCC_WARN_64_TO_32_BIT_CONVERSION = YES;
				GCC_WARN_ABOUT_RETURN_TYPE = YES_ERROR;
				GCC_WARN_UNDECLARED_SELECTOR = YES;
				GCC_WARN_UNINITIALIZED_AUTOS = YES_AGGRESSIVE;
				GCC_WARN_UNUSED_FUNCTION = YES;
				GCC_WARN_UNUSED_VARIABLE = YES;
				IPHONEOS_DEPLOYMENT_TARGET = 9.3;
				MTL_ENABLE_DEBUG_INFO = YES;
				ONLY_ACTIVE_ARCH = YES;
				SDKROOT = iphoneos;
				TARGETED_DEVICE_FAMILY = "1,2";
			};
			name = Debug;
		};
		1EFD7E031D2CBFBC00818FF2 /* Release */ = {
			isa = XCBuildConfiguration;
			buildSettings = {
				ALWAYS_SEARCH_USER_PATHS = NO;
				CLANG_ANALYZER_NONNULL = YES;
				CLANG_CXX_LANGUAGE_STANDARD = "gnu++0x";
				CLANG_CXX_LIBRARY = "libc++";
				CLANG_ENABLE_MODULES = YES;
				CLANG_ENABLE_OBJC_ARC = YES;
				CLANG_WARN_BOOL_CONVERSION = YES;
				CLANG_WARN_CONSTANT_CONVERSION = YES;
				CLANG_WARN_DIRECT_OBJC_ISA_USAGE = YES_ERROR;
				CLANG_WARN_EMPTY_BODY = YES;
				CLANG_WARN_ENUM_CONVERSION = YES;
				CLANG_WARN_INT_CONVERSION = YES;
				CLANG_WARN_OBJC_ROOT_CLASS = YES_ERROR;
				CLANG_WARN_UNREACHABLE_CODE = YES;
				CLANG_WARN__DUPLICATE_METHOD_MATCH = YES;
				"CODE_SIGN_IDENTITY[sdk=iphoneos*]" = "iPhone Developer";
				COPY_PHASE_STRIP = NO;
				DEBUG_INFORMATION_FORMAT = "dwarf-with-dsym";
				ENABLE_NS_ASSERTIONS = NO;
				ENABLE_STRICT_OBJC_MSGSEND = YES;
				GCC_C_LANGUAGE_STANDARD = gnu99;
				GCC_NO_COMMON_BLOCKS = YES;
				GCC_WARN_64_TO_32_BIT_CONVERSION = YES;
				GCC_WARN_ABOUT_RETURN_TYPE = YES_ERROR;
				GCC_WARN_UNDECLARED_SELECTOR = YES;
				GCC_WARN_UNINITIALIZED_AUTOS = YES_AGGRESSIVE;
				GCC_WARN_UNUSED_FUNCTION = YES;
				GCC_WARN_UNUSED_VARIABLE = YES;
				IPHONEOS_DEPLOYMENT_TARGET = 9.3;
				MTL_ENABLE_DEBUG_INFO = NO;
				SDKROOT = iphoneos;
				TARGETED_DEVICE_FAMILY = "1,2";
				VALIDATE_PRODUCT = YES;
			};
			name = Release;
		};
		1EFD7E051D2CBFBC00818FF2 /* Debug */ = {
			isa = XCBuildConfiguration;
			buildSettings = {
				ASSETCATALOG_COMPILER_APPICON_NAME = AppIcon;
				INFOPLIST_FILE = SplashScreen/Info.plist;
				LD_RUNPATH_SEARCH_PATHS = "$(inherited) @executable_path/Frameworks";
				PRODUCT_BUNDLE_IDENTIFIER = com.theironyard.houston.SplashScreen;
				PRODUCT_NAME = "$(TARGET_NAME)";
			};
			name = Debug;
		};
		1EFD7E061D2CBFBC00818FF2 /* Release */ = {
			isa = XCBuildConfiguration;
			buildSettings = {
				ASSETCATALOG_COMPILER_APPICON_NAME = AppIcon;
				INFOPLIST_FILE = SplashScreen/Info.plist;
				LD_RUNPATH_SEARCH_PATHS = "$(inherited) @executable_path/Frameworks";
				PRODUCT_BUNDLE_IDENTIFIER = com.theironyard.houston.SplashScreen;
				PRODUCT_NAME = "$(TARGET_NAME)";
			};
			name = Release;
		};
/* End XCBuildConfiguration section */

/* Begin XCConfigurationList section */
		1EFD7DE81D2CBFBC00818FF2 /* Build configuration list for PBXProject "SplashScreen" */ = {
			isa = XCConfigurationList;
			buildConfigurations = (
				1EFD7E021D2CBFBC00818FF2 /* Debug */,
				1EFD7E031D2CBFBC00818FF2 /* Release */,
			);
			defaultConfigurationIsVisible = 0;
			defaultConfigurationName = Release;
		};
		1EFD7E041D2CBFBC00818FF2 /* Build configuration list for PBXNativeTarget "SplashScreen" */ = {
			isa = XCConfigurationList;
			buildConfigurations = (
				1EFD7E051D2CBFBC00818FF2 /* Debug */,
				1EFD7E061D2CBFBC00818FF2 /* Release */,
			);
			defaultConfigurationIsVisible = 0;
		};
/* End XCConfigurationList section */
	};
	rootObject = 1EFD7DE51D2CBFBC00818FF2 /* Project object */;
}
